// !$*UTF8*$!
{
	archiveVersion = 1;
	classes = {
	};
	objectVersion = 56;
	objects = {

/* Begin PBXBuildFile section */
		3BE5E1A329183D8900A52B50 /* AfricanAnimals_SwiftUIApp.swift in Sources */ = {isa = PBXBuildFile; fileRef = 3BE5E1A229183D8900A52B50 /* AfricanAnimals_SwiftUIApp.swift */; };
		3BE5E1A529183D8900A52B50 /* ContentView.swift in Sources */ = {isa = PBXBuildFile; fileRef = 3BE5E1A429183D8900A52B50 /* ContentView.swift */; };
		3BE5E1A729183D8A00A52B50 /* Assets.xcassets in Resources */ = {isa = PBXBuildFile; fileRef = 3BE5E1A629183D8A00A52B50 /* Assets.xcassets */; };
		3BE5E1AA29183D8A00A52B50 /* Preview Assets.xcassets in Resources */ = {isa = PBXBuildFile; fileRef = 3BE5E1A929183D8A00A52B50 /* Preview Assets.xcassets */; };
		3BE5E1BD29183E3500A52B50 /* lion.mp4 in Resources */ = {isa = PBXBuildFile; fileRef = 3BE5E1B329183E3200A52B50 /* lion.mp4 */; };
		3BE5E1BE29183E3500A52B50 /* zebra.mp4 in Resources */ = {isa = PBXBuildFile; fileRef = 3BE5E1B429183E3300A52B50 /* zebra.mp4 */; };
		3BE5E1BF29183E3500A52B50 /* hippo.mp4 in Resources */ = {isa = PBXBuildFile; fileRef = 3BE5E1B529183E3300A52B50 /* hippo.mp4 */; };
		3BE5E1C029183E3500A52B50 /* gorilla.mp4 in Resources */ = {isa = PBXBuildFile; fileRef = 3BE5E1B629183E3300A52B50 /* gorilla.mp4 */; };
		3BE5E1C129183E3500A52B50 /* rhino.mp4 in Resources */ = {isa = PBXBuildFile; fileRef = 3BE5E1B729183E3400A52B50 /* rhino.mp4 */; };
		3BE5E1C229183E3500A52B50 /* giraffe.mp4 in Resources */ = {isa = PBXBuildFile; fileRef = 3BE5E1B829183E3400A52B50 /* giraffe.mp4 */; };
		3BE5E1C329183E3500A52B50 /* lioness.mp4 in Resources */ = {isa = PBXBuildFile; fileRef = 3BE5E1B929183E3400A52B50 /* lioness.mp4 */; };
		3BE5E1C429183E3500A52B50 /* elephant.mp4 in Resources */ = {isa = PBXBuildFile; fileRef = 3BE5E1BA29183E3500A52B50 /* elephant.mp4 */; };
		3BE5E1C529183E3500A52B50 /* ostrich.mp4 in Resources */ = {isa = PBXBuildFile; fileRef = 3BE5E1BB29183E3500A52B50 /* ostrich.mp4 */; };
		3BE5E1C629183E3500A52B50 /* cheetah.mp4 in Resources */ = {isa = PBXBuildFile; fileRef = 3BE5E1BC29183E3500A52B50 /* cheetah.mp4 */; };
		3BE5E1CC2918413000A52B50 /* locations.json in Resources */ = {isa = PBXBuildFile; fileRef = 3BE5E1C82918413000A52B50 /* locations.json */; };
		3BE5E1CD2918413000A52B50 /* videos.json in Resources */ = {isa = PBXBuildFile; fileRef = 3BE5E1C92918413000A52B50 /* videos.json */; };
		3BE5E1CE2918413000A52B50 /* animals.json in Resources */ = {isa = PBXBuildFile; fileRef = 3BE5E1CA2918413000A52B50 /* animals.json */; };
		3BE5E1CF2918413000A52B50 /* covers.json in Resources */ = {isa = PBXBuildFile; fileRef = 3BE5E1CB2918413000A52B50 /* covers.json */; };
		3BE5E1D32918432A00A52B50 /* VideoListView.swift in Sources */ = {isa = PBXBuildFile; fileRef = 3BE5E1D22918432A00A52B50 /* VideoListView.swift */; };
		3BE5E1D52918434500A52B50 /* MapView.swift in Sources */ = {isa = PBXBuildFile; fileRef = 3BE5E1D42918434500A52B50 /* MapView.swift */; };
		3BE5E1D72918435800A52B50 /* GalleryView.swift in Sources */ = {isa = PBXBuildFile; fileRef = 3BE5E1D62918435800A52B50 /* GalleryView.swift */; };
		3BE5E1D92918436A00A52B50 /* MainView.swift in Sources */ = {isa = PBXBuildFile; fileRef = 3BE5E1D82918436A00A52B50 /* MainView.swift */; };
/* End PBXBuildFile section */

/* Begin PBXFileReference section */
		3BE5E19F29183D8900A52B50 /* AfricanAnimals_SwiftUI.app */ = {isa = PBXFileReference; explicitFileType = wrapper.application; includeInIndex = 0; path = AfricanAnimals_SwiftUI.app; sourceTree = BUILT_PRODUCTS_DIR; };
		3BE5E1A229183D8900A52B50 /* AfricanAnimals_SwiftUIApp.swift */ = {isa = PBXFileReference; lastKnownFileType = sourcecode.swift; path = AfricanAnimals_SwiftUIApp.swift; sourceTree = "<group>"; };
		3BE5E1A429183D8900A52B50 /* ContentView.swift */ = {isa = PBXFileReference; lastKnownFileType = sourcecode.swift; path = ContentView.swift; sourceTree = "<group>"; };
		3BE5E1A629183D8A00A52B50 /* Assets.xcassets */ = {isa = PBXFileReference; lastKnownFileType = folder.assetcatalog; path = Assets.xcassets; sourceTree = "<group>"; };
		3BE5E1A929183D8A00A52B50 /* Preview Assets.xcassets */ = {isa = PBXFileReference; lastKnownFileType = folder.assetcatalog; path = "Preview Assets.xcassets"; sourceTree = "<group>"; };
		3BE5E1B329183E3200A52B50 /* lion.mp4 */ = {isa = PBXFileReference; lastKnownFileType = file; path = lion.mp4; sourceTree = "<group>"; };
		3BE5E1B429183E3300A52B50 /* zebra.mp4 */ = {isa = PBXFileReference; lastKnownFileType = file; path = zebra.mp4; sourceTree = "<group>"; };
		3BE5E1B529183E3300A52B50 /* hippo.mp4 */ = {isa = PBXFileReference; lastKnownFileType = file; path = hippo.mp4; sourceTree = "<group>"; };
		3BE5E1B629183E3300A52B50 /* gorilla.mp4 */ = {isa = PBXFileReference; lastKnownFileType = file; path = gorilla.mp4; sourceTree = "<group>"; };
		3BE5E1B729183E3400A52B50 /* rhino.mp4 */ = {isa = PBXFileReference; lastKnownFileType = file; path = rhino.mp4; sourceTree = "<group>"; };
		3BE5E1B829183E3400A52B50 /* giraffe.mp4 */ = {isa = PBXFileReference; lastKnownFileType = file; path = giraffe.mp4; sourceTree = "<group>"; };
		3BE5E1B929183E3400A52B50 /* lioness.mp4 */ = {isa = PBXFileReference; lastKnownFileType = file; path = lioness.mp4; sourceTree = "<group>"; };
		3BE5E1BA29183E3500A52B50 /* elephant.mp4 */ = {isa = PBXFileReference; lastKnownFileType = file; path = elephant.mp4; sourceTree = "<group>"; };
		3BE5E1BB29183E3500A52B50 /* ostrich.mp4 */ = {isa = PBXFileReference; lastKnownFileType = file; path = ostrich.mp4; sourceTree = "<group>"; };
		3BE5E1BC29183E3500A52B50 /* cheetah.mp4 */ = {isa = PBXFileReference; lastKnownFileType = file; path = cheetah.mp4; sourceTree = "<group>"; };
		3BE5E1C82918413000A52B50 /* locations.json */ = {isa = PBXFileReference; fileEncoding = 4; lastKnownFileType = text.json; path = locations.json; sourceTree = "<group>"; };
		3BE5E1C92918413000A52B50 /* videos.json */ = {isa = PBXFileReference; fileEncoding = 4; lastKnownFileType = text.json; path = videos.json; sourceTree = "<group>"; };
		3BE5E1CA2918413000A52B50 /* animals.json */ = {isa = PBXFileReference; fileEncoding = 4; lastKnownFileType = text.json; path = animals.json; sourceTree = "<group>"; };
		3BE5E1CB2918413000A52B50 /* covers.json */ = {isa = PBXFileReference; fileEncoding = 4; lastKnownFileType = text.json; path = covers.json; sourceTree = "<group>"; };
		3BE5E1D0291841F500A52B50 /* AfricanAnimals-SwiftUI-Info.plist */ = {isa = PBXFileReference; lastKnownFileType = text.plist; path = "AfricanAnimals-SwiftUI-Info.plist"; sourceTree = SOURCE_ROOT; };
		3BE5E1D22918432A00A52B50 /* VideoListView.swift */ = {isa = PBXFileReference; lastKnownFileType = sourcecode.swift; path = VideoListView.swift; sourceTree = "<group>"; };
		3BE5E1D42918434500A52B50 /* MapView.swift */ = {isa = PBXFileReference; lastKnownFileType = sourcecode.swift; path = MapView.swift; sourceTree = "<group>"; };
		3BE5E1D62918435800A52B50 /* GalleryView.swift */ = {isa = PBXFileReference; lastKnownFileType = sourcecode.swift; path = GalleryView.swift; sourceTree = "<group>"; };
		3BE5E1D82918436A00A52B50 /* MainView.swift */ = {isa = PBXFileReference; lastKnownFileType = sourcecode.swift; path = MainView.swift; sourceTree = "<group>"; };
/* End PBXFileReference section */

/* Begin PBXFrameworksBuildPhase section */
		3BE5E19C29183D8900A52B50 /* Frameworks */ = {
			isa = PBXFrameworksBuildPhase;
			buildActionMask = 2147483647;
			files = (
			);
			runOnlyForDeploymentPostprocessing = 0;
		};
/* End PBXFrameworksBuildPhase section */

/* Begin PBXGroup section */
		3BE5E19629183D8900A52B50 = {
			isa = PBXGroup;
			children = (
				3BE5E1A129183D8900A52B50 /* AfricanAnimals_SwiftUI */,
				3BE5E1A029183D8900A52B50 /* Products */,
			);
			sourceTree = "<group>";
		};
		3BE5E1A029183D8900A52B50 /* Products */ = {
			isa = PBXGroup;
			children = (
				3BE5E19F29183D8900A52B50 /* AfricanAnimals_SwiftUI.app */,
			);
			name = Products;
			sourceTree = "<group>";
		};
		3BE5E1A129183D8900A52B50 /* AfricanAnimals_SwiftUI */ = {
			isa = PBXGroup;
			children = (
				3BE5E1D1291842E700A52B50 /* App */,
				3BE5E1C72918411100A52B50 /* Data */,
				3BE5E1B229183E1B00A52B50 /* Video */,
				3BE5E1A629183D8A00A52B50 /* Assets.xcassets */,
				3BE5E1D0291841F500A52B50 /* AfricanAnimals-SwiftUI-Info.plist */,
				3BE5E1A829183D8A00A52B50 /* Preview Content */,
			);
			path = AfricanAnimals_SwiftUI;
			sourceTree = "<group>";
		};
		3BE5E1A829183D8A00A52B50 /* Preview Content */ = {
			isa = PBXGroup;
			children = (
				3BE5E1A929183D8A00A52B50 /* Preview Assets.xcassets */,
			);
			path = "Preview Content";
			sourceTree = "<group>";
		};
		3BE5E1B229183E1B00A52B50 /* Video */ = {
			isa = PBXGroup;
			children = (
				3BE5E1BC29183E3500A52B50 /* cheetah.mp4 */,
				3BE5E1BA29183E3500A52B50 /* elephant.mp4 */,
				3BE5E1B829183E3400A52B50 /* giraffe.mp4 */,
				3BE5E1B629183E3300A52B50 /* gorilla.mp4 */,
				3BE5E1B529183E3300A52B50 /* hippo.mp4 */,
				3BE5E1B329183E3200A52B50 /* lion.mp4 */,
				3BE5E1B929183E3400A52B50 /* lioness.mp4 */,
				3BE5E1BB29183E3500A52B50 /* ostrich.mp4 */,
				3BE5E1B729183E3400A52B50 /* rhino.mp4 */,
				3BE5E1B429183E3300A52B50 /* zebra.mp4 */,
			);
			path = Video;
			sourceTree = "<group>";
		};
		3BE5E1C72918411100A52B50 /* Data */ = {
			isa = PBXGroup;
			children = (
				3BE5E1CA2918413000A52B50 /* animals.json */,
				3BE5E1CB2918413000A52B50 /* covers.json */,
				3BE5E1C82918413000A52B50 /* locations.json */,
				3BE5E1C92918413000A52B50 /* videos.json */,
			);
			path = Data;
			sourceTree = "<group>";
		};
		3BE5E1D1291842E700A52B50 /* App */ = {
			isa = PBXGroup;
			children = (
				3BE5E1A229183D8900A52B50 /* AfricanAnimals_SwiftUIApp.swift */,
				3BE5E1A429183D8900A52B50 /* ContentView.swift */,
				3BE5E1D22918432A00A52B50 /* VideoListView.swift */,
				3BE5E1D42918434500A52B50 /* MapView.swift */,
				3BE5E1D62918435800A52B50 /* GalleryView.swift */,
				3BE5E1D82918436A00A52B50 /* MainView.swift */,
			);
			path = App;
			sourceTree = "<group>";
		};
/* End PBXGroup section */

/* Begin PBXNativeTarget section */
		3BE5E19E29183D8900A52B50 /* AfricanAnimals_SwiftUI */ = {
			isa = PBXNativeTarget;
			buildConfigurationList = 3BE5E1AD29183D8A00A52B50 /* Build configuration list for PBXNativeTarget "AfricanAnimals_SwiftUI" */;
			buildPhases = (
				3BE5E19B29183D8900A52B50 /* Sources */,
				3BE5E19C29183D8900A52B50 /* Frameworks */,
				3BE5E19D29183D8900A52B50 /* Resources */,
			);
			buildRules = (
			);
			dependencies = (
			);
			name = AfricanAnimals_SwiftUI;
			productName = AfricanAnimals_SwiftUI;
			productReference = 3BE5E19F29183D8900A52B50 /* AfricanAnimals_SwiftUI.app */;
			productType = "com.apple.product-type.application";
		};
/* End PBXNativeTarget section */

/* Begin PBXProject section */
		3BE5E19729183D8900A52B50 /* Project object */ = {
			isa = PBXProject;
			attributes = {
				BuildIndependentTargetsInParallel = 1;
				LastSwiftUpdateCheck = 1410;
				LastUpgradeCheck = 1410;
				TargetAttributes = {
					3BE5E19E29183D8900A52B50 = {
						CreatedOnToolsVersion = 14.1;
					};
				};
			};
			buildConfigurationList = 3BE5E19A29183D8900A52B50 /* Build configuration list for PBXProject "AfricanAnimals_SwiftUI" */;
			compatibilityVersion = "Xcode 14.0";
			developmentRegion = en;
			hasScannedForEncodings = 0;
			knownRegions = (
				en,
				Base,
			);
			mainGroup = 3BE5E19629183D8900A52B50;
			productRefGroup = 3BE5E1A029183D8900A52B50 /* Products */;
			projectDirPath = "";
			projectRoot = "";
			targets = (
				3BE5E19E29183D8900A52B50 /* AfricanAnimals_SwiftUI */,
			);
		};
/* End PBXProject section */

/* Begin PBXResourcesBuildPhase section */
		3BE5E19D29183D8900A52B50 /* Resources */ = {
			isa = PBXResourcesBuildPhase;
			buildActionMask = 2147483647;
			files = (
				3BE5E1CE2918413000A52B50 /* animals.json in Resources */,
				3BE5E1CC2918413000A52B50 /* locations.json in Resources */,
				3BE5E1BF29183E3500A52B50 /* hippo.mp4 in Resources */,
				3BE5E1BE29183E3500A52B50 /* zebra.mp4 in Resources */,
				3BE5E1CD2918413000A52B50 /* videos.json in Resources */,
				3BE5E1CF2918413000A52B50 /* covers.json in Resources */,
				3BE5E1C329183E3500A52B50 /* lioness.mp4 in Resources */,
				3BE5E1AA29183D8A00A52B50 /* Preview Assets.xcassets in Resources */,
				3BE5E1BD29183E3500A52B50 /* lion.mp4 in Resources */,
				3BE5E1C129183E3500A52B50 /* rhino.mp4 in Resources */,
				3BE5E1C029183E3500A52B50 /* gorilla.mp4 in Resources */,
				3BE5E1C229183E3500A52B50 /* giraffe.mp4 in Resources */,
				3BE5E1C629183E3500A52B50 /* cheetah.mp4 in Resources */,
				3BE5E1C429183E3500A52B50 /* elephant.mp4 in Resources */,
				3BE5E1A729183D8A00A52B50 /* Assets.xcassets in Resources */,
				3BE5E1C529183E3500A52B50 /* ostrich.mp4 in Resources */,
			);
			runOnlyForDeploymentPostprocessing = 0;
		};
/* End PBXResourcesBuildPhase section */

/* Begin PBXSourcesBuildPhase section */
		3BE5E19B29183D8900A52B50 /* Sources */ = {
			isa = PBXSourcesBuildPhase;
			buildActionMask = 2147483647;
			files = (
				3BE5E1A529183D8900A52B50 /* ContentView.swift in Sources */,
				3BE5E1D92918436A00A52B50 /* MainView.swift in Sources */,
				3BE5E1D52918434500A52B50 /* MapView.swift in Sources */,
				3BE5E1A329183D8900A52B50 /* AfricanAnimals_SwiftUIApp.swift in Sources */,
				3BE5E1D32918432A00A52B50 /* VideoListView.swift in Sources */,
				3BE5E1D72918435800A52B50 /* GalleryView.swift in Sources */,
			);
			runOnlyForDeploymentPostprocessing = 0;
		};
/* End PBXSourcesBuildPhase section */

/* Begin XCBuildConfiguration section */
		3BE5E1AB29183D8A00A52B50 /* Debug */ = {
			isa = XCBuildConfiguration;
			buildSettings = {
				ALWAYS_SEARCH_USER_PATHS = NO;
				CLANG_ANALYZER_NONNULL = YES;
				CLANG_ANALYZER_NUMBER_OBJECT_CONVERSION = YES_AGGRESSIVE;
				CLANG_CXX_LANGUAGE_STANDARD = "gnu++20";
				CLANG_ENABLE_MODULES = YES;
				CLANG_ENABLE_OBJC_ARC = YES;
				CLANG_ENABLE_OBJC_WEAK = YES;
				CLANG_WARN_BLOCK_CAPTURE_AUTORELEASING = YES;
				CLANG_WARN_BOOL_CONVERSION = YES;
				CLANG_WARN_COMMA = YES;
				CLANG_WARN_CONSTANT_CONVERSION = YES;
				CLANG_WARN_DEPRECATED_OBJC_IMPLEMENTATIONS = YES;
				CLANG_WARN_DIRECT_OBJC_ISA_USAGE = YES_ERROR;
				CLANG_WARN_DOCUMENTATION_COMMENTS = YES;
				CLANG_WARN_EMPTY_BODY = YES;
				CLANG_WARN_ENUM_CONVERSION = YES;
				CLANG_WARN_INFINITE_RECURSION = YES;
				CLANG_WARN_INT_CONVERSION = YES;
				CLANG_WARN_NON_LITERAL_NULL_CONVERSION = YES;
				CLANG_WARN_OBJC_IMPLICIT_RETAIN_SELF = YES;
				CLANG_WARN_OBJC_LITERAL_CONVERSION = YES;
				CLANG_WARN_OBJC_ROOT_CLASS = YES_ERROR;
				CLANG_WARN_QUOTED_INCLUDE_IN_FRAMEWORK_HEADER = YES;
				CLANG_WARN_RANGE_LOOP_ANALYSIS = YES;
				CLANG_WARN_STRICT_PROTOTYPES = YES;
				CLANG_WARN_SUSPICIOUS_MOVE = YES;
				CLANG_WARN_UNGUARDED_AVAILABILITY = YES_AGGRESSIVE;
				CLANG_WARN_UNREACHABLE_CODE = YES;
				CLANG_WARN__DUPLICATE_METHOD_MATCH = YES;
				COPY_PHASE_STRIP = NO;
				DEBUG_INFORMATION_FORMAT = dwarf;
				ENABLE_STRICT_OBJC_MSGSEND = YES;
				ENABLE_TESTABILITY = YES;
				GCC_C_LANGUAGE_STANDARD = gnu11;
				GCC_DYNAMIC_NO_PIC = NO;
				GCC_NO_COMMON_BLOCKS = YES;
				GCC_OPTIMIZATION_LEVEL = 0;
				GCC_PREPROCESSOR_DEFINITIONS = (
					"DEBUG=1",
					"$(inherited)",
				);
				GCC_WARN_64_TO_32_BIT_CONVERSION = YES;
				GCC_WARN_ABOUT_RETURN_TYPE = YES_ERROR;
				GCC_WARN_UNDECLARED_SELECTOR = YES;
				GCC_WARN_UNINITIALIZED_AUTOS = YES_AGGRESSIVE;
				GCC_WARN_UNUSED_FUNCTION = YES;
				GCC_WARN_UNUSED_VARIABLE = YES;
				IPHONEOS_DEPLOYMENT_TARGET = 16.1;
				MTL_ENABLE_DEBUG_INFO = INCLUDE_SOURCE;
				MTL_FAST_MATH = YES;
				ONLY_ACTIVE_ARCH = YES;
				SDKROOT = iphoneos;
				SWIFT_ACTIVE_COMPILATION_CONDITIONS = DEBUG;
				SWIFT_OPTIMIZATION_LEVEL = "-Onone";
			};
			name = Debug;
		};
		3BE5E1AC29183D8A00A52B50 /* Release */ = {
			isa = XCBuildConfiguration;
			buildSettings = {
				ALWAYS_SEARCH_USER_PATHS = NO;
				CLANG_ANALYZER_NONNULL = YES;
				CLANG_ANALYZER_NUMBER_OBJECT_CONVERSION = YES_AGGRESSIVE;
				CLANG_CXX_LANGUAGE_STANDARD = "gnu++20";
				CLANG_ENABLE_MODULES = YES;
				CLANG_ENABLE_OBJC_ARC = YES;
				CLANG_ENABLE_OBJC_WEAK = YES;
				CLANG_WARN_BLOCK_CAPTURE_AUTORELEASING = YES;
				CLANG_WARN_BOOL_CONVERSION = YES;
				CLANG_WARN_COMMA = YES;
				CLANG_WARN_CONSTANT_CONVERSION = YES;
				CLANG_WARN_DEPRECATED_OBJC_IMPLEMENTATIONS = YES;
				CLANG_WARN_DIRECT_OBJC_ISA_USAGE = YES_ERROR;
				CLANG_WARN_DOCUMENTATION_COMMENTS = YES;
				CLANG_WARN_EMPTY_BODY = YES;
				CLANG_WARN_ENUM_CONVERSION = YES;
				CLANG_WARN_INFINITE_RECURSION = YES;
				CLANG_WARN_INT_CONVERSION = YES;
				CLANG_WARN_NON_LITERAL_NULL_CONVERSION = YES;
				CLANG_WARN_OBJC_IMPLICIT_RETAIN_SELF = YES;
				CLANG_WARN_OBJC_LITERAL_CONVERSION = YES;
				CLANG_WARN_OBJC_ROOT_CLASS = YES_ERROR;
				CLANG_WARN_QUOTED_INCLUDE_IN_FRAMEWORK_HEADER = YES;
				CLANG_WARN_RANGE_LOOP_ANALYSIS = YES;
				CLANG_WARN_STRICT_PROTOTYPES = YES;
				CLANG_WARN_SUSPICIOUS_MOVE = YES;
				CLANG_WARN_UNGUARDED_AVAILABILITY = YES_AGGRESSIVE;
				CLANG_WARN_UNREACHABLE_CODE = YES;
				CLANG_WARN__DUPLICATE_METHOD_MATCH = YES;
				COPY_PHASE_STRIP = NO;
				DEBUG_INFORMATION_FORMAT = "dwarf-with-dsym";
				ENABLE_NS_ASSERTIONS = NO;
				ENABLE_STRICT_OBJC_MSGSEND = YES;
				GCC_C_LANGUAGE_STANDARD = gnu11;
				GCC_NO_COMMON_BLOCKS = YES;
				GCC_WARN_64_TO_32_BIT_CONVERSION = YES;
				GCC_WARN_ABOUT_RETURN_TYPE = YES_ERROR;
				GCC_WARN_UNDECLARED_SELECTOR = YES;
				GCC_WARN_UNINITIALIZED_AUTOS = YES_AGGRESSIVE;
				GCC_WARN_UNUSED_FUNCTION = YES;
				GCC_WARN_UNUSED_VARIABLE = YES;
				IPHONEOS_DEPLOYMENT_TARGET = 16.1;
				MTL_ENABLE_DEBUG_INFO = NO;
				MTL_FAST_MATH = YES;
				SDKROOT = iphoneos;
				SWIFT_COMPILATION_MODE = wholemodule;
				SWIFT_OPTIMIZATION_LEVEL = "-O";
				VALIDATE_PRODUCT = YES;
			};
			name = Release;
		};
		3BE5E1AE29183D8A00A52B50 /* Debug */ = {
			isa = XCBuildConfiguration;
			buildSettings = {
				ASSETCATALOG_COMPILER_APPICON_NAME = AppIcon;
				ASSETCATALOG_COMPILER_GLOBAL_ACCENT_COLOR_NAME = AccentColor;
				CODE_SIGN_STYLE = Automatic;
				CURRENT_PROJECT_VERSION = 1;
				DEVELOPMENT_ASSET_PATHS = "\"AfricanAnimals_SwiftUI/Preview Content\"";
				DEVELOPMENT_TEAM = G3VP62JDQQ;
				ENABLE_PREVIEWS = YES;
				GENERATE_INFOPLIST_FILE = YES;
				INFOPLIST_FILE = "AfricanAnimals-SwiftUI-Info.plist";
				INFOPLIST_KEY_UIApplicationSceneManifest_Generation = YES;
				INFOPLIST_KEY_UIApplicationSupportsIndirectInputEvents = YES;
				INFOPLIST_KEY_UISupportedInterfaceOrientations_iPad = "UIInterfaceOrientationPortrait UIInterfaceOrientationPortraitUpsideDown UIInterfaceOrientationLandscapeLeft UIInterfaceOrientationLandscapeRight";
				INFOPLIST_KEY_UISupportedInterfaceOrientations_iPhone = "UIInterfaceOrientationPortrait UIInterfaceOrientationLandscapeLeft UIInterfaceOrientationLandscapeRight";
				INFOPLIST_KEY_UIUserInterfaceStyle = Dark;
				LD_RUNPATH_SEARCH_PATHS = (
					"$(inherited)",
					"@executable_path/Frameworks",
				);
				MARKETING_VERSION = 1.0;
				PRODUCT_BUNDLE_IDENTIFIER = "dmitriikim.AfricanAnimals-SwiftUI";
				PRODUCT_NAME = "$(TARGET_NAME)";
				SWIFT_EMIT_LOC_STRINGS = YES;
				SWIFT_VERSION = 5.0;
				TARGETED_DEVICE_FAMILY = "1,2";
			};
			name = Debug;
		};
		3BE5E1AF29183D8A00A52B50 /* Release */ = {
			isa = XCBuildConfiguration;
			buildSettings = {
				ASSETCATALOG_COMPILER_APPICON_NAME = AppIcon;
				ASSETCATALOG_COMPILER_GLOBAL_ACCENT_COLOR_NAME = AccentColor;
				CODE_SIGN_STYLE = Automatic;
				CURRENT_PROJECT_VERSION = 1;
				DEVELOPMENT_ASSET_PATHS = "\"AfricanAnimals_SwiftUI/Preview Content\"";
				DEVELOPMENT_TEAM = G3VP62JDQQ;
				ENABLE_PREVIEWS = YES;
				GENERATE_INFOPLIST_FILE = YES;
				INFOPLIST_FILE = "AfricanAnimals-SwiftUI-Info.plist";
				INFOPLIST_KEY_UIApplicationSceneManifest_Generation = YES;
				INFOPLIST_KEY_UIApplicationSupportsIndirectInputEvents = YES;
				INFOPLIST_KEY_UISupportedInterfaceOrientations_iPad = "UIInterfaceOrientationPortrait UIInterfaceOrientationPortraitUpsideDown UIInterfaceOrientationLandscapeLeft UIInterfaceOrientationLandscapeRight";
				INFOPLIST_KEY_UISupportedInterfaceOrientations_iPhone = "UIInterfaceOrientationPortrait UIInterfaceOrientationLandscapeLeft UIInterfaceOrientationLandscapeRight";
				INFOPLIST_KEY_UIUserInterfaceStyle = Dark;
				LD_RUNPATH_SEARCH_PATHS = (
					"$(inherited)",
					"@executable_path/Frameworks",
				);
				MARKETING_VERSION = 1.0;
				PRODUCT_BUNDLE_IDENTIFIER = "dmitriikim.AfricanAnimals-SwiftUI";
				PRODUCT_NAME = "$(TARGET_NAME)";
				SWIFT_EMIT_LOC_STRINGS = YES;
				SWIFT_VERSION = 5.0;
				TARGETED_DEVICE_FAMILY = "1,2";
			};
			name = Release;
		};
/* End XCBuildConfiguration section */

/* Begin XCConfigurationList section */
		3BE5E19A29183D8900A52B50 /* Build configuration list for PBXProject "AfricanAnimals_SwiftUI" */ = {
			isa = XCConfigurationList;
			buildConfigurations = (
				3BE5E1AB29183D8A00A52B50 /* Debug */,
				3BE5E1AC29183D8A00A52B50 /* Release */,
			);
			defaultConfigurationIsVisible = 0;
			defaultConfigurationName = Release;
		};
		3BE5E1AD29183D8A00A52B50 /* Build configuration list for PBXNativeTarget "AfricanAnimals_SwiftUI" */ = {
			isa = XCConfigurationList;
			buildConfigurations = (
				3BE5E1AE29183D8A00A52B50 /* Debug */,
				3BE5E1AF29183D8A00A52B50 /* Release */,
			);
			defaultConfigurationIsVisible = 0;
			defaultConfigurationName = Release;
		};
/* End XCConfigurationList section */
	};
	rootObject = 3BE5E19729183D8900A52B50 /* Project object */;
}
